
Microsoft Visual Studio Solution File, Format Version 12.00
# Visual Studio 2013
VisualStudioVersion = 12.0.31101.0
MinimumVisualStudioVersion = 10.0.40219.1
Project("{FAE04EC0-301F-11D3-BF4B-00C04F79EFBC}") = "PapaParse.Net", "PapaParse.Net\PapaParse.Net.csproj", "{17186676-D069-4E51-BAD2-20F6CAF0FD05}"
EndProject
Project("{FAE04EC0-301F-11D3-BF4B-00C04F79EFBC}") = "PapaParse.Net.Tests", "PapaParse.Net.Tests\PapaParse.Net.Tests.csproj", "{693DC2A2-5DA9-48F7-AC9C-F3AF0C20927D}"
EndProject
Project("{2150E333-8FDC-42A3-9474-1A3956D46DE8}") = "Solution Items", "Solution Items", "{0DE3D21E-6DF2-49A4-9F71-29B13E4D8CB0}"
	ProjectSection(SolutionItems) = preProject
		.gitattributes = .gitattributes
		.gitignore = .gitignore
	EndProjectSection
EndProject
Global
	GlobalSection(SolutionConfigurationPlatforms) = preSolution
		Debug|Any CPU = Debug|Any CPU
		Release|Any CPU = Release|Any CPU
	EndGlobalSection
	GlobalSection(ProjectConfigurationPlatforms) = postSolution
		{17186676-D069-4E51-BAD2-20F6CAF0FD05}.Debug|Any CPU.ActiveCfg = Debug|Any CPU
		{17186676-D069-4E51-BAD2-20F6CAF0FD05}.Debug|Any CPU.Build.0 = Debug|Any CPU
		{17186676-D069-4E51-BAD2-20F6CAF0FD05}.Release|Any CPU.ActiveCfg = Release|Any CPU
		{17186676-D069-4E51-BAD2-20F6CAF0FD05}.Release|Any CPU.Build.0 = Release|Any CPU
		{693DC2A2-5DA9-48F7-AC9C-F3AF0C20927D}.Debug|Any CPU.ActiveCfg = Debug|Any CPU
		{693DC2A2-5DA9-48F7-AC9C-F3AF0C20927D}.Debug|Any CPU.Build.0 = Debug|Any CPU
		{693DC2A2-5DA9-48F7-AC9C-F3AF0C20927D}.Release|Any CPU.ActiveCfg = Release|Any CPU
		{693DC2A2-5DA9-48F7-AC9C-F3AF0C20927D}.Release|Any CPU.Build.0 = Release|Any CPU
	EndGlobalSection
	GlobalSection(SolutionProperties) = preSolution
		HideSolutionNode = FALSE
	EndGlobalSection
EndGlobal
